
Microsoft Visual Studio Solution File, Format Version 12.00
# Visual Studio Version 17
VisualStudioVersion = 17.14.36203.30 d17.14
MinimumVisualStudioVersion = 10.0.40219.1
Project("{FAE04EC0-301F-11D3-BF4B-00C04F79EFBC}") = "Identity.Api", "Identity.Api\Identity.Api.csproj", "{86FF25C9-4666-42FE-8F3A-E9180DDBD638}"
EndProject
Global
	GlobalSection(SolutionConfigurationPlatforms) = preSolution
		Debug|Any CPU = Debug|Any CPU
		Release|Any CPU = Release|Any CPU
	EndGlobalSection
	GlobalSection(ProjectConfigurationPlatforms) = postSolution
		{86FF25C9-4666-42FE-8F3A-E9180DDBD638}.Debug|Any CPU.ActiveCfg = Debug|Any CPU
		{86FF25C9-4666-42FE-8F3A-E9180DDBD638}.Debug|Any CPU.Build.0 = Debug|Any CPU
		{86FF25C9-4666-42FE-8F3A-E9180DDBD638}.Release|Any CPU.ActiveCfg = Release|Any CPU
		{86FF25C9-4666-42FE-8F3A-E9180DDBD638}.Release|Any CPU.Build.0 = Release|Any CPU
	EndGlobalSection
	GlobalSection(SolutionProperties) = preSolution
		HideSolutionNode = FALSE
	EndGlobalSection
	GlobalSection(ExtensibilityGlobals) = postSolution
		SolutionGuid = {A89E18EA-4310-4382-A2F6-9D937E7BBF28}
	EndGlobalSection
EndGlobal
